
Microsoft Visual Studio Solution File, Format Version 12.00
# Visual Studio Version 16
VisualStudioVersion = 16.0.29926.136
MinimumVisualStudioVersion = 10.0.40219.1
Project("{FAE04EC0-301F-11D3-BF4B-00C04F79EFBC}") = "WorkspaceLauncher", "WorkspaceLauncher\WorkspaceLauncher.csproj", "{043DE571-6CC1-4E1B-B387-4F893EF80041}"
EndProject
Global
	GlobalSection(SolutionConfigurationPlatforms) = preSolution
		Debug|Any CPU = Debug|Any CPU
		Release|Any CPU = Release|Any CPU
	EndGlobalSection
	GlobalSection(ProjectConfigurationPlatforms) = postSolution
		{043DE571-6CC1-4E1B-B387-4F893EF80041}.Debug|Any CPU.ActiveCfg = Debug|Any CPU
		{043DE571-6CC1-4E1B-B387-4F893EF80041}.Debug|Any CPU.Build.0 = Debug|Any CPU
		{043DE571-6CC1-4E1B-B387-4F893EF80041}.Release|Any CPU.ActiveCfg = Release|Any CPU
		{043DE571-6CC1-4E1B-B387-4F893EF80041}.Release|Any CPU.Build.0 = Release|Any CPU
	EndGlobalSection
	GlobalSection(SolutionProperties) = preSolution
		HideSolutionNode = FALSE
	EndGlobalSection
	GlobalSection(ExtensibilityGlobals) = postSolution
		SolutionGuid = {3D34C191-3D35-4D08-859F-C51F1D68C4D3}
	EndGlobalSection
EndGlobal
